
Microsoft Visual Studio Solution File, Format Version 12.00
# Visual Studio Version 17
VisualStudioVersion = 17.3.32929.385
MinimumVisualStudioVersion = 10.0.40219.1
Project("{FAE04EC0-301F-11D3-BF4B-00C04F79EFBC}") = "MeuPrimeiroApp.Android", "MeuPrimeiroApp\MeuPrimeiroApp.Android\MeuPrimeiroApp.Android.csproj", "{B9701AF2-7202-4607-ACD2-14966BA9E338}"
EndProject
Project("{FAE04EC0-301F-11D3-BF4B-00C04F79EFBC}") = "MeuPrimeiroApp.iOS", "MeuPrimeiroApp\MeuPrimeiroApp.iOS\MeuPrimeiroApp.iOS.csproj", "{6219C24B-3665-4D85-A73F-D45A49820C76}"
EndProject
Project("{FAE04EC0-301F-11D3-BF4B-00C04F79EFBC}") = "MeuPrimeiroApp", "MeuPrimeiroApp\MeuPrimeiroApp\MeuPrimeiroApp.csproj", "{90C4883A-3188-4FF3-A055-FDF990D81CD3}"
EndProject
Global
	GlobalSection(SolutionConfigurationPlatforms) = preSolution
		Debug|Any CPU = Debug|Any CPU
		Debug|iPhone = Debug|iPhone
		Debug|iPhoneSimulator = Debug|iPhoneSimulator
		Release|Any CPU = Release|Any CPU
		Release|iPhone = Release|iPhone
		Release|iPhoneSimulator = Release|iPhoneSimulator
	EndGlobalSection
	GlobalSection(ProjectConfigurationPlatforms) = postSolution
		{B9701AF2-7202-4607-ACD2-14966BA9E338}.Debug|Any CPU.ActiveCfg = Debug|Any CPU
		{B9701AF2-7202-4607-ACD2-14966BA9E338}.Debug|Any CPU.Build.0 = Debug|Any CPU
		{B9701AF2-7202-4607-ACD2-14966BA9E338}.Debug|Any CPU.Deploy.0 = Debug|Any CPU
		{B9701AF2-7202-4607-ACD2-14966BA9E338}.Debug|iPhone.ActiveCfg = Debug|Any CPU
		{B9701AF2-7202-4607-ACD2-14966BA9E338}.Debug|iPhone.Build.0 = Debug|Any CPU
		{B9701AF2-7202-4607-ACD2-14966BA9E338}.Debug|iPhone.Deploy.0 = Debug|Any CPU
		{B9701AF2-7202-4607-ACD2-14966BA9E338}.Debug|iPhoneSimulator.ActiveCfg = Debug|Any CPU
		{B9701AF2-7202-4607-ACD2-14966BA9E338}.Debug|iPhoneSimulator.Build.0 = Debug|Any CPU
		{B9701AF2-7202-4607-ACD2-14966BA9E338}.Debug|iPhoneSimulator.Deploy.0 = Debug|Any CPU
		{B9701AF2-7202-4607-ACD2-14966BA9E338}.Release|Any CPU.ActiveCfg = Release|Any CPU
		{B9701AF2-7202-4607-ACD2-14966BA9E338}.Release|Any CPU.Build.0 = Release|Any CPU
		{B9701AF2-7202-4607-ACD2-14966BA9E338}.Release|Any CPU.Deploy.0 = Release|Any CPU
		{B9701AF2-7202-4607-ACD2-14966BA9E338}.Release|iPhone.ActiveCfg = Release|Any CPU
		{B9701AF2-7202-4607-ACD2-14966BA9E338}.Release|iPhone.Build.0 = Release|Any CPU
		{B9701AF2-7202-4607-ACD2-14966BA9E338}.Release|iPhone.Deploy.0 = Release|Any CPU
		{B9701AF2-7202-4607-ACD2-14966BA9E338}.Release|iPhoneSimulator.ActiveCfg = Release|Any CPU
		{B9701AF2-7202-4607-ACD2-14966BA9E338}.Release|iPhoneSimulator.Build.0 = Release|Any CPU
		{B9701AF2-7202-4607-ACD2-14966BA9E338}.Release|iPhoneSimulator.Deploy.0 = Release|Any CPU
		{6219C24B-3665-4D85-A73F-D45A49820C76}.Debug|Any CPU.ActiveCfg = Debug|iPhone
		{6219C24B-3665-4D85-A73F-D45A49820C76}.Debug|Any CPU.Build.0 = Debug|iPhone
		{6219C24B-3665-4D85-A73F-D45A49820C76}.Debug|Any CPU.Deploy.0 = Debug|iPhone
		{6219C24B-3665-4D85-A73F-D45A49820C76}.Debug|iPhone.ActiveCfg = Debug|iPhone
		{6219C24B-3665-4D85-A73F-D45A49820C76}.Debug|iPhone.Build.0 = Debug|iPhone
		{6219C24B-3665-4D85-A73F-D45A49820C76}.Debug|iPhone.Deploy.0 = Debug|iPhone
		{6219C24B-3665-4D85-A73F-D45A49820C76}.Debug|iPhoneSimulator.ActiveCfg = Debug|iPhoneSimulator
		{6219C24B-3665-4D85-A73F-D45A49820C76}.Debug|iPhoneSimulator.Build.0 = Debug|iPhoneSimulator
		{6219C24B-3665-4D85-A73F-D45A49820C76}.Debug|iPhoneSimulator.Deploy.0 = Debug|iPhoneSimulator
		{6219C24B-3665-4D85-A73F-D45A49820C76}.Release|Any CPU.ActiveCfg = Release|iPhoneSimulator
		{6219C24B-3665-4D85-A73F-D45A49820C76}.Release|Any CPU.Build.0 = Release|iPhoneSimulator
		{6219C24B-3665-4D85-A73F-D45A49820C76}.Release|Any CPU.Deploy.0 = Release|iPhoneSimulator
		{6219C24B-3665-4D85-A73F-D45A49820C76}.Release|iPhone.ActiveCfg = Release|iPhone
		{6219C24B-3665-4D85-A73F-D45A49820C76}.Release|iPhone.Build.0 = Release|iPhone
		{6219C24B-3665-4D85-A73F-D45A49820C76}.Release|iPhone.Deploy.0 = Release|iPhone
		{6219C24B-3665-4D85-A73F-D45A49820C76}.Release|iPhoneSimulator.ActiveCfg = Release|iPhoneSimulator
		{6219C24B-3665-4D85-A73F-D45A49820C76}.Release|iPhoneSimulator.Build.0 = Release|iPhoneSimulator
		{6219C24B-3665-4D85-A73F-D45A49820C76}.Release|iPhoneSimulator.Deploy.0 = Release|iPhoneSimulator
		{90C4883A-3188-4FF3-A055-FDF990D81CD3}.Debug|Any CPU.ActiveCfg = Debug|Any CPU
		{90C4883A-3188-4FF3-A055-FDF990D81CD3}.Debug|Any CPU.Build.0 = Debug|Any CPU
		{90C4883A-3188-4FF3-A055-FDF990D81CD3}.Debug|Any CPU.Deploy.0 = Debug|Any CPU
		{90C4883A-3188-4FF3-A055-FDF990D81CD3}.Debug|iPhone.ActiveCfg = Debug|Any CPU
		{90C4883A-3188-4FF3-A055-FDF990D81CD3}.Debug|iPhone.Build.0 = Debug|Any CPU
		{90C4883A-3188-4FF3-A055-FDF990D81CD3}.Debug|iPhone.Deploy.0 = Debug|Any CPU
		{90C4883A-3188-4FF3-A055-FDF990D81CD3}.Debug|iPhoneSimulator.ActiveCfg = Debug|Any CPU
		{90C4883A-3188-4FF3-A055-FDF990D81CD3}.Debug|iPhoneSimulator.Build.0 = Debug|Any CPU
		{90C4883A-3188-4FF3-A055-FDF990D81CD3}.Debug|iPhoneSimulator.Deploy.0 = Debug|Any CPU
		{90C4883A-3188-4FF3-A055-FDF990D81CD3}.Release|Any CPU.ActiveCfg = Release|Any CPU
		{90C4883A-3188-4FF3-A055-FDF990D81CD3}.Release|Any CPU.Build.0 = Release|Any CPU
		{90C4883A-3188-4FF3-A055-FDF990D81CD3}.Release|Any CPU.Deploy.0 = Release|Any CPU
		{90C4883A-3188-4FF3-A055-FDF990D81CD3}.Release|iPhone.ActiveCfg = Release|Any CPU
		{90C4883A-3188-4FF3-A055-FDF990D81CD3}.Release|iPhone.Build.0 = Release|Any CPU
		{90C4883A-3188-4FF3-A055-FDF990D81CD3}.Release|iPhone.Deploy.0 = Release|Any CPU
		{90C4883A-3188-4FF3-A055-FDF990D81CD3}.Release|iPhoneSimulator.ActiveCfg = Release|Any CPU
		{90C4883A-3188-4FF3-A055-FDF990D81CD3}.Release|iPhoneSimulator.Build.0 = Release|Any CPU
		{90C4883A-3188-4FF3-A055-FDF990D81CD3}.Release|iPhoneSimulator.Deploy.0 = Release|Any CPU
	EndGlobalSection
	GlobalSection(SolutionProperties) = preSolution
		HideSolutionNode = FALSE
	EndGlobalSection
	GlobalSection(ExtensibilityGlobals) = postSolution
		SolutionGuid = {CE52288E-FF7C-4561-AA96-7F0A4BCF3F86}
	EndGlobalSection
EndGlobal
